// !$*UTF8*$!
{
	archiveVersion = 1;
	classes = {
	};
	objectVersion = 56;
	objects = {

/* Begin PBXBuildFile section */
		A00000000000000000000101 /* HermesWidgetHostApp.swift in Sources */ = {isa = PBXBuildFile; fileRef = A00000000000000000000201 /* HermesWidgetHostApp.swift */; };
		A00000000000000000000102 /* ContentView.swift in Sources */ = {isa = PBXBuildFile; fileRef = A00000000000000000000202 /* ContentView.swift */; };
		A00000000000000000000103 /* HermesWidgetSnapshot.swift in Sources */ = {isa = PBXBuildFile; fileRef = A00000000000000000000203 /* HermesWidgetSnapshot.swift */; };
			A00000000000000000000104 /* HermesWidgets.swift in Sources */ = {isa = PBXBuildFile; fileRef = A00000000000000000000204 /* HermesWidgets.swift */; };
			A00000000000000000000105 /* HermesWidgetSnapshot.swift in Sources */ = {isa = PBXBuildFile; fileRef = A00000000000000000000203 /* HermesWidgetSnapshot.swift */; };
			A00000000000000000000106 /* HermesWidgets.appex in Embed App Extensions */ = {isa = PBXBuildFile; fileRef = A00000000000000000000212 /* HermesWidgets.appex */; settings = {ATTRIBUTES = (RemoveHeadersOnCopy, ); }; };
			A00000000000000000000107 /* Assets.xcassets in Resources */ = {isa = PBXBuildFile; fileRef = A00000000000000000000209 /* Assets.xcassets */; };
			A00000000000000000000108 /* Assets.xcassets in Resources */ = {isa = PBXBuildFile; fileRef = A00000000000000000000209 /* Assets.xcassets */; };
/* End PBXBuildFile section */

/* Begin PBXContainerItemProxy section */
		A00000000000000000000401 /* PBXContainerItemProxy */ = {
			isa = PBXContainerItemProxy;
			containerPortal = A00000000000000000000001 /* Project object */;
			proxyType = 1;
			remoteGlobalIDString = A00000000000000000000302;
			remoteInfo = HermesWidgets;
		};
/* End PBXContainerItemProxy section */

/* Begin PBXCopyFilesBuildPhase section */
		A00000000000000000000501 /* Embed App Extensions */ = {
			isa = PBXCopyFilesBuildPhase;
			buildActionMask = 2147483647;
			dstPath = "";
			dstSubfolderSpec = 13;
			files = (
				A00000000000000000000106 /* HermesWidgets.appex in Embed App Extensions */,
			);
			name = "Embed App Extensions";
			runOnlyForDeploymentPostprocessing = 0;
		};
/* End PBXCopyFilesBuildPhase section */

/* Begin PBXFileReference section */
		A00000000000000000000201 /* HermesWidgetHostApp.swift */ = {isa = PBXFileReference; lastKnownFileType = sourcecode.swift; path = HermesWidgetHostApp.swift; sourceTree = "<group>"; };
		A00000000000000000000202 /* ContentView.swift */ = {isa = PBXFileReference; lastKnownFileType = sourcecode.swift; path = ContentView.swift; sourceTree = "<group>"; };
		A00000000000000000000203 /* HermesWidgetSnapshot.swift */ = {isa = PBXFileReference; lastKnownFileType = sourcecode.swift; path = HermesWidgetSnapshot.swift; sourceTree = "<group>"; };
		A00000000000000000000204 /* HermesWidgets.swift */ = {isa = PBXFileReference; lastKnownFileType = sourcecode.swift; path = HermesWidgets.swift; sourceTree = "<group>"; };
		A00000000000000000000205 /* Info.plist */ = {isa = PBXFileReference; lastKnownFileType = text.plist.xml; path = Info.plist; sourceTree = "<group>"; };
		A00000000000000000000206 /* HermesWidgetHost.entitlements */ = {isa = PBXFileReference; lastKnownFileType = text.plist.entitlements; path = HermesWidgetHost.entitlements; sourceTree = "<group>"; };
			A00000000000000000000207 /* Info.plist */ = {isa = PBXFileReference; lastKnownFileType = text.plist.xml; path = Info.plist; sourceTree = "<group>"; };
			A00000000000000000000208 /* HermesWidgets.entitlements */ = {isa = PBXFileReference; lastKnownFileType = text.plist.entitlements; path = HermesWidgets.entitlements; sourceTree = "<group>"; };
			A00000000000000000000209 /* Assets.xcassets */ = {isa = PBXFileReference; lastKnownFileType = folder.assetcatalog; path = Assets.xcassets; sourceTree = "<group>"; };
			A00000000000000000000211 /* Agents Calendar Widgets.app */ = {isa = PBXFileReference; explicitFileType = wrapper.application; includeInIndex = 0; path = "Agents Calendar Widgets.app"; sourceTree = BUILT_PRODUCTS_DIR; };
		A00000000000000000000212 /* HermesWidgets.appex */ = {isa = PBXFileReference; explicitFileType = "wrapper.app-extension"; includeInIndex = 0; path = HermesWidgets.appex; sourceTree = BUILT_PRODUCTS_DIR; };
/* End PBXFileReference section */

/* Begin PBXFrameworksBuildPhase section */
		A00000000000000000000601 /* Frameworks */ = {
			isa = PBXFrameworksBuildPhase;
			buildActionMask = 2147483647;
			files = (
			);
			runOnlyForDeploymentPostprocessing = 0;
		};
		A00000000000000000000602 /* Frameworks */ = {
			isa = PBXFrameworksBuildPhase;
			buildActionMask = 2147483647;
			files = (
			);
			runOnlyForDeploymentPostprocessing = 0;
		};
/* End PBXFrameworksBuildPhase section */

/* Begin PBXGroup section */
		A00000000000000000000701 = {
			isa = PBXGroup;
			children = (
				A00000000000000000000702 /* HermesWidgetHost */,
				A00000000000000000000703 /* HermesWidgets */,
				A00000000000000000000704 /* Shared */,
				A00000000000000000000705 /* Products */,
			);
			sourceTree = "<group>";
		};
		A00000000000000000000702 /* HermesWidgetHost */ = {
			isa = PBXGroup;
			children = (
				A00000000000000000000201 /* HermesWidgetHostApp.swift */,
					A00000000000000000000202 /* ContentView.swift */,
					A00000000000000000000209 /* Assets.xcassets */,
					A00000000000000000000205 /* Info.plist */,
					A00000000000000000000206 /* HermesWidgetHost.entitlements */,
			);
			path = HermesWidgetHost;
			sourceTree = "<group>";
		};
		A00000000000000000000703 /* HermesWidgets */ = {
			isa = PBXGroup;
			children = (
				A00000000000000000000204 /* HermesWidgets.swift */,
				A00000000000000000000207 /* Info.plist */,
				A00000000000000000000208 /* HermesWidgets.entitlements */,
			);
			path = HermesWidgets;
			sourceTree = "<group>";
		};
		A00000000000000000000704 /* Shared */ = {
			isa = PBXGroup;
			children = (
				A00000000000000000000203 /* HermesWidgetSnapshot.swift */,
			);
			path = Shared;
			sourceTree = "<group>";
		};
		A00000000000000000000705 /* Products */ = {
			isa = PBXGroup;
			children = (
				A00000000000000000000211 /* Agents Calendar Widgets.app */,
				A00000000000000000000212 /* HermesWidgets.appex */,
			);
			name = Products;
			sourceTree = "<group>";
		};
/* End PBXGroup section */

/* Begin PBXNativeTarget section */
		A00000000000000000000301 /* HermesWidgetHost */ = {
			isa = PBXNativeTarget;
			buildConfigurationList = A00000000000000000000802 /* Build configuration list for PBXNativeTarget "HermesWidgetHost" */;
			buildPhases = (
				A00000000000000000000901 /* Sources */,
				A00000000000000000000601 /* Frameworks */,
				A00000000000000000000902 /* Resources */,
				A00000000000000000000501 /* Embed App Extensions */,
			);
			buildRules = (
			);
			dependencies = (
				A00000000000000000000402 /* PBXTargetDependency */,
			);
			name = HermesWidgetHost;
			productName = HermesWidgetHost;
			productReference = A00000000000000000000211 /* Agents Calendar Widgets.app */;
			productType = "com.apple.product-type.application";
		};
		A00000000000000000000302 /* HermesWidgets */ = {
			isa = PBXNativeTarget;
			buildConfigurationList = A00000000000000000000803 /* Build configuration list for PBXNativeTarget "HermesWidgets" */;
			buildPhases = (
				A00000000000000000000903 /* Sources */,
				A00000000000000000000602 /* Frameworks */,
				A00000000000000000000904 /* Resources */,
			);
			buildRules = (
			);
			dependencies = (
			);
			name = HermesWidgets;
			productName = HermesWidgets;
			productReference = A00000000000000000000212 /* HermesWidgets.appex */;
			productType = "com.apple.product-type.app-extension";
		};
/* End PBXNativeTarget section */

/* Begin PBXProject section */
		A00000000000000000000001 /* Project object */ = {
			isa = PBXProject;
			attributes = {
				BuildIndependentTargetsInParallel = 1;
				LastSwiftUpdateCheck = 2650;
				LastUpgradeCheck = 2650;
				TargetAttributes = {
					A00000000000000000000301 = {
						CreatedOnToolsVersion = 26.5;
					};
					A00000000000000000000302 = {
						CreatedOnToolsVersion = 26.5;
					};
				};
			};
			buildConfigurationList = A00000000000000000000801 /* Build configuration list for PBXProject "HermesWidgetHost" */;
			compatibilityVersion = "Xcode 14.0";
			developmentRegion = en;
			hasScannedForEncodings = 0;
			knownRegions = (
				en,
				Base,
				ko,
			);
			mainGroup = A00000000000000000000701;
			productRefGroup = A00000000000000000000705 /* Products */;
			projectDirPath = "";
			projectRoot = "";
			targets = (
				A00000000000000000000301 /* HermesWidgetHost */,
				A00000000000000000000302 /* HermesWidgets */,
			);
		};
/* End PBXProject section */

/* Begin PBXResourcesBuildPhase section */
			A00000000000000000000902 /* Resources */ = {
				isa = PBXResourcesBuildPhase;
				buildActionMask = 2147483647;
				files = (
					A00000000000000000000107 /* Assets.xcassets in Resources */,
				);
				runOnlyForDeploymentPostprocessing = 0;
		};
		A00000000000000000000904 /* Resources */ = {
			isa = PBXResourcesBuildPhase;
			buildActionMask = 2147483647;
			files = (
				A00000000000000000000108 /* Assets.xcassets in Resources */,
			);
			runOnlyForDeploymentPostprocessing = 0;
		};
/* End PBXResourcesBuildPhase section */

/* Begin PBXSourcesBuildPhase section */
		A00000000000000000000901 /* Sources */ = {
			isa = PBXSourcesBuildPhase;
			buildActionMask = 2147483647;
			files = (
				A00000000000000000000101 /* HermesWidgetHostApp.swift in Sources */,
				A00000000000000000000102 /* ContentView.swift in Sources */,
				A00000000000000000000103 /* HermesWidgetSnapshot.swift in Sources */,
			);
			runOnlyForDeploymentPostprocessing = 0;
		};
		A00000000000000000000903 /* Sources */ = {
			isa = PBXSourcesBuildPhase;
			buildActionMask = 2147483647;
			files = (
				A00000000000000000000104 /* HermesWidgets.swift in Sources */,
				A00000000000000000000105 /* HermesWidgetSnapshot.swift in Sources */,
			);
			runOnlyForDeploymentPostprocessing = 0;
		};
/* End PBXSourcesBuildPhase section */

/* Begin PBXTargetDependency section */
		A00000000000000000000402 /* PBXTargetDependency */ = {
			isa = PBXTargetDependency;
			target = A00000000000000000000302 /* HermesWidgets */;
			targetProxy = A00000000000000000000401 /* PBXContainerItemProxy */;
		};
/* End PBXTargetDependency section */

/* Begin XCBuildConfiguration section */
		A00000000000000000001001 /* Debug */ = {
			isa = XCBuildConfiguration;
			buildSettings = {
				ALWAYS_SEARCH_USER_PATHS = NO;
				CLANG_ANALYZER_NONNULL = YES;
				CLANG_ANALYZER_NUMBER_OBJECT_CONVERSION = YES_AGGRESSIVE;
				CLANG_CXX_LANGUAGE_STANDARD = "gnu++20";
				CLANG_ENABLE_MODULES = YES;
				CLANG_ENABLE_OBJC_ARC = YES;
				CLANG_ENABLE_OBJC_WEAK = YES;
				CLANG_WARN_BLOCK_CAPTURE_AUTORELEASING = YES;
				CLANG_WARN_BOOL_CONVERSION = YES;
				CLANG_WARN_COMMA = YES;
				CLANG_WARN_CONSTANT_CONVERSION = YES;
				CLANG_WARN_DEPRECATED_OBJC_IMPLEMENTATIONS = YES;
				CLANG_WARN_DIRECT_OBJC_ISA_USAGE = YES_ERROR;
				CLANG_WARN_DOCUMENTATION_COMMENTS = YES;
				CLANG_WARN_EMPTY_BODY = YES;
				CLANG_WARN_ENUM_CONVERSION = YES;
				CLANG_WARN_INFINITE_RECURSION = YES;
				CLANG_WARN_INT_CONVERSION = YES;
				CLANG_WARN_NON_LITERAL_NULL_CONVERSION = YES;
				CLANG_WARN_OBJC_IMPLICIT_RETAIN_SELF = YES;
				CLANG_WARN_OBJC_LITERAL_CONVERSION = YES;
				CLANG_WARN_OBJC_ROOT_CLASS = YES_ERROR;
				CLANG_WARN_QUOTED_INCLUDE_IN_FRAMEWORK_HEADER = YES;
				CLANG_WARN_RANGE_LOOP_ANALYSIS = YES;
				CLANG_WARN_STRICT_PROTOTYPES = YES;
				CLANG_WARN_SUSPICIOUS_MOVE = YES;
				CLANG_WARN_UNGUARDED_AVAILABILITY = YES_AGGRESSIVE;
				CLANG_WARN_UNREACHABLE_CODE = YES;
				COPY_PHASE_STRIP = NO;
				DEBUG_INFORMATION_FORMAT = dwarf;
				ENABLE_STRICT_OBJC_MSGSEND = YES;
				ENABLE_TESTABILITY = YES;
				GCC_C_LANGUAGE_STANDARD = gnu17;
				GCC_DYNAMIC_NO_PIC = NO;
				GCC_NO_COMMON_BLOCKS = YES;
				GCC_OPTIMIZATION_LEVEL = 0;
				GCC_PREPROCESSOR_DEFINITIONS = (
					"DEBUG=1",
					"$(inherited)",
				);
				MACOSX_DEPLOYMENT_TARGET = 14.0;
				MTL_ENABLE_DEBUG_INFO = INCLUDE_SOURCE;
				MTL_FAST_MATH = YES;
				ONLY_ACTIVE_ARCH = YES;
				SDKROOT = macosx;
				SWIFT_ACTIVE_COMPILATION_CONDITIONS = DEBUG;
				SWIFT_OPTIMIZATION_LEVEL = "-Onone";
				SWIFT_VERSION = 6.0;
			};
			name = Debug;
		};
		A00000000000000000001002 /* Release */ = {
			isa = XCBuildConfiguration;
			buildSettings = {
				ALWAYS_SEARCH_USER_PATHS = NO;
				CLANG_ANALYZER_NONNULL = YES;
				CLANG_ANALYZER_NUMBER_OBJECT_CONVERSION = YES_AGGRESSIVE;
				CLANG_CXX_LANGUAGE_STANDARD = "gnu++20";
				CLANG_ENABLE_MODULES = YES;
				CLANG_ENABLE_OBJC_ARC = YES;
				CLANG_ENABLE_OBJC_WEAK = YES;
				CLANG_WARN_BLOCK_CAPTURE_AUTORELEASING = YES;
				CLANG_WARN_BOOL_CONVERSION = YES;
				CLANG_WARN_COMMA = YES;
				CLANG_WARN_CONSTANT_CONVERSION = YES;
				CLANG_WARN_DEPRECATED_OBJC_IMPLEMENTATIONS = YES;
				CLANG_WARN_DIRECT_OBJC_ISA_USAGE = YES_ERROR;
				CLANG_WARN_DOCUMENTATION_COMMENTS = YES;
				CLANG_WARN_EMPTY_BODY = YES;
				CLANG_WARN_ENUM_CONVERSION = YES;
				CLANG_WARN_INFINITE_RECURSION = YES;
				CLANG_WARN_INT_CONVERSION = YES;
				CLANG_WARN_NON_LITERAL_NULL_CONVERSION = YES;
				CLANG_WARN_OBJC_IMPLICIT_RETAIN_SELF = YES;
				CLANG_WARN_OBJC_LITERAL_CONVERSION = YES;
				CLANG_WARN_OBJC_ROOT_CLASS = YES_ERROR;
				CLANG_WARN_QUOTED_INCLUDE_IN_FRAMEWORK_HEADER = YES;
				CLANG_WARN_RANGE_LOOP_ANALYSIS = YES;
				CLANG_WARN_STRICT_PROTOTYPES = YES;
				CLANG_WARN_SUSPICIOUS_MOVE = YES;
				CLANG_WARN_UNGUARDED_AVAILABILITY = YES_AGGRESSIVE;
				CLANG_WARN_UNREACHABLE_CODE = YES;
				COPY_PHASE_STRIP = NO;
				DEBUG_INFORMATION_FORMAT = "dwarf-with-dsym";
				ENABLE_NS_ASSERTIONS = NO;
				ENABLE_STRICT_OBJC_MSGSEND = YES;
				GCC_C_LANGUAGE_STANDARD = gnu17;
				GCC_NO_COMMON_BLOCKS = YES;
				MACOSX_DEPLOYMENT_TARGET = 14.0;
				MTL_ENABLE_DEBUG_INFO = NO;
				MTL_FAST_MATH = YES;
				SDKROOT = macosx;
				SWIFT_COMPILATION_MODE = wholemodule;
				SWIFT_VERSION = 6.0;
			};
			name = Release;
		};
		A00000000000000000001011 /* Debug */ = {
			isa = XCBuildConfiguration;
			buildSettings = {
					ASSETCATALOG_COMPILER_APPICON_NAME = AppIcon;
				CODE_SIGN_ENTITLEMENTS = HermesWidgetHost/HermesWidgetHost.entitlements;
				CODE_SIGN_STYLE = Automatic;
				COMBINE_HIDPI_IMAGES = YES;
				DEVELOPMENT_ASSET_PATHS = "";
				ENABLE_HARDENED_RUNTIME = YES;
				GENERATE_INFOPLIST_FILE = NO;
				INFOPLIST_FILE = HermesWidgetHost/Info.plist;
				LD_RUNPATH_SEARCH_PATHS = (
					"$(inherited)",
					"@executable_path/../Frameworks",
				);
				PRODUCT_BUNDLE_IDENTIFIER = com.agents.calendar.widgets.host;
				PRODUCT_NAME = "Agents Calendar Widgets";
				SWIFT_EMIT_LOC_STRINGS = YES;
			};
			name = Debug;
		};
		A00000000000000000001012 /* Release */ = {
			isa = XCBuildConfiguration;
			buildSettings = {
					ASSETCATALOG_COMPILER_APPICON_NAME = AppIcon;
				CODE_SIGN_ENTITLEMENTS = HermesWidgetHost/HermesWidgetHost.entitlements;
				CODE_SIGN_STYLE = Automatic;
				COMBINE_HIDPI_IMAGES = YES;
				DEVELOPMENT_ASSET_PATHS = "";
				ENABLE_HARDENED_RUNTIME = YES;
				GENERATE_INFOPLIST_FILE = NO;
				INFOPLIST_FILE = HermesWidgetHost/Info.plist;
				LD_RUNPATH_SEARCH_PATHS = (
					"$(inherited)",
					"@executable_path/../Frameworks",
				);
				PRODUCT_BUNDLE_IDENTIFIER = com.agents.calendar.widgets.host;
				PRODUCT_NAME = "Agents Calendar Widgets";
				SWIFT_EMIT_LOC_STRINGS = YES;
			};
			name = Release;
		};
		A00000000000000000001021 /* Debug */ = {
			isa = XCBuildConfiguration;
			buildSettings = {
				APPLICATION_EXTENSION_API_ONLY = YES;
				CODE_SIGN_ENTITLEMENTS = HermesWidgets/HermesWidgets.entitlements;
				CODE_SIGN_STYLE = Automatic;
				GENERATE_INFOPLIST_FILE = NO;
				INFOPLIST_FILE = HermesWidgets/Info.plist;
				LD_RUNPATH_SEARCH_PATHS = (
					"$(inherited)",
					"@executable_path/../../../../Frameworks",
					"@executable_path/../Frameworks",
				);
				PRODUCT_BUNDLE_IDENTIFIER = com.agents.calendar.widgets.host.HermesWidgets;
				PRODUCT_NAME = HermesWidgets;
				SKIP_INSTALL = YES;
				SWIFT_EMIT_LOC_STRINGS = YES;
				WRAPPER_EXTENSION = appex;
			};
			name = Debug;
		};
		A00000000000000000001022 /* Release */ = {
			isa = XCBuildConfiguration;
			buildSettings = {
				APPLICATION_EXTENSION_API_ONLY = YES;
				CODE_SIGN_ENTITLEMENTS = HermesWidgets/HermesWidgets.entitlements;
				CODE_SIGN_STYLE = Automatic;
				GENERATE_INFOPLIST_FILE = NO;
				INFOPLIST_FILE = HermesWidgets/Info.plist;
				LD_RUNPATH_SEARCH_PATHS = (
					"$(inherited)",
					"@executable_path/../../../../Frameworks",
					"@executable_path/../Frameworks",
				);
				PRODUCT_BUNDLE_IDENTIFIER = com.agents.calendar.widgets.host.HermesWidgets;
				PRODUCT_NAME = HermesWidgets;
				SKIP_INSTALL = YES;
				SWIFT_EMIT_LOC_STRINGS = YES;
				WRAPPER_EXTENSION = appex;
			};
			name = Release;
		};
/* End XCBuildConfiguration section */

/* Begin XCConfigurationList section */
		A00000000000000000000801 /* Build configuration list for PBXProject "HermesWidgetHost" */ = {
			isa = XCConfigurationList;
			buildConfigurations = (
				A00000000000000000001001 /* Debug */,
				A00000000000000000001002 /* Release */,
			);
			defaultConfigurationIsVisible = 0;
			defaultConfigurationName = Release;
		};
		A00000000000000000000802 /* Build configuration list for PBXNativeTarget "HermesWidgetHost" */ = {
			isa = XCConfigurationList;
			buildConfigurations = (
				A00000000000000000001011 /* Debug */,
				A00000000000000000001012 /* Release */,
			);
			defaultConfigurationIsVisible = 0;
			defaultConfigurationName = Release;
		};
		A00000000000000000000803 /* Build configuration list for PBXNativeTarget "HermesWidgets" */ = {
			isa = XCConfigurationList;
			buildConfigurations = (
				A00000000000000000001021 /* Debug */,
				A00000000000000000001022 /* Release */,
			);
			defaultConfigurationIsVisible = 0;
			defaultConfigurationName = Release;
		};
/* End XCConfigurationList section */
	};
	rootObject = A00000000000000000000001 /* Project object */;
}
